aqwari.net/net/styx v0.0.0-20221011015736-bf55d759d56b h1:vbmbRVL4qIJ19O+rqy+tt2btrL5hVBUspWIVG0ia0LI=
aqwari.net/net/styx v0.0.0-20221011015736-bf55d759d56b/go.mod h1:TBqvQEpooLPVs+URMTeCapXrCEXrsijoOSncWHBtiuI=
aqwari.net/retry v0.0.0-20180428204214-1281ce5d8df0 h1:BeD6U5TNwhMWxeydyi5xqpaNZx1MWl5QTcW4w7Mxf+Y=
aqwari.net/retry v0.0.0-20180428204214-1281ce5d8df0/go.mod h1:XSNyyoM+OSg3vRmROPrS1lEpV7q/I9J1HAKMMxdUkU4=
github.com/lionkov/ninep v0.0.0-20160126022248-3bca0642e7d5 h1:RfPJyrCygnSmOQEYNNXIpFDRuqEgtjESbhU78j3LM7s=
github.com/lionkov/ninep v0.0.0-20160126022248-3bca0642e7d5/go.mod h1:+5163D9FB1VEu3V1O3spPPrvsWnCCYCn1VErjsZWdNs=
